Microsoft Visual Studio Solution File, Format Version 11.00
# Visual Studio 2008

Project("{D2AE4A5A-FB6B-59BC-D6D0-4334509A9114}") = "Unity_Project_Rosetta", "Assembly-CSharp-firstpass.csproj", "{156C94B8-CE23-E800-8DA1-B6C23DF6CEC7}"
EndProject
Project("{D2AE4A5A-FB6B-59BC-D6D0-4334509A9114}") = "Unity_Project_Rosetta", "Assembly-CSharp.csproj", "{8472D341-A26B-B268-47D7-A7C8623BAF1A}"
EndProject
Project("{D2AE4A5A-FB6B-59BC-D6D0-4334509A9114}") = "Unity_Project_Rosetta", "Assembly-UnityScript-firstpass.unityproj", "{C583BD32-CCB4-6B63-90C7-9D092074BA64}"
EndProject
Project("{D2AE4A5A-FB6B-59BC-D6D0-4334509A9114}") = "Unity_Project_Rosetta", "Assembly-UnityScript.unityproj", "{C75A5F21-E430-59F9-CD73-55223AD4A805}"
EndProject
Global
	GlobalSection(SolutionConfigurationPlatforms) = preSolution
		Debug|Any CPU = Debug|Any CPU
		Release|Any CPU = Release|Any CPU
	EndGlobalSection
	GlobalSection(ProjectConfigurationPlatforms) = postSolution
		{156C94B8-CE23-E800-8DA1-B6C23DF6CEC7}.Debug|Any CPU.ActiveCfg = Debug|Any CPU
		{156C94B8-CE23-E800-8DA1-B6C23DF6CEC7}.Debug|Any CPU.Build.0 = Debug|Any CPU
		{156C94B8-CE23-E800-8DA1-B6C23DF6CEC7}.Release|Any CPU.ActiveCfg = Release|Any CPU
		{156C94B8-CE23-E800-8DA1-B6C23DF6CEC7}.Release|Any CPU.Build.0 = Release|Any CPU
		{8472D341-A26B-B268-47D7-A7C8623BAF1A}.Debug|Any CPU.ActiveCfg = Debug|Any CPU
		{8472D341-A26B-B268-47D7-A7C8623BAF1A}.Debug|Any CPU.Build.0 = Debug|Any CPU
		{8472D341-A26B-B268-47D7-A7C8623BAF1A}.Release|Any CPU.ActiveCfg = Release|Any CPU
		{8472D341-A26B-B268-47D7-A7C8623BAF1A}.Release|Any CPU.Build.0 = Release|Any CPU
		{C583BD32-CCB4-6B63-90C7-9D092074BA64}.Debug|Any CPU.ActiveCfg = Debug|Any CPU
		{C583BD32-CCB4-6B63-90C7-9D092074BA64}.Debug|Any CPU.Build.0 = Debug|Any CPU
		{C583BD32-CCB4-6B63-90C7-9D092074BA64}.Release|Any CPU.ActiveCfg = Release|Any CPU
		{C583BD32-CCB4-6B63-90C7-9D092074BA64}.Release|Any CPU.Build.0 = Release|Any CPU
		{C75A5F21-E430-59F9-CD73-55223AD4A805}.Debug|Any CPU.ActiveCfg = Debug|Any CPU
		{C75A5F21-E430-59F9-CD73-55223AD4A805}.Debug|Any CPU.Build.0 = Debug|Any CPU
		{C75A5F21-E430-59F9-CD73-55223AD4A805}.Release|Any CPU.ActiveCfg = Release|Any CPU
		{C75A5F21-E430-59F9-CD73-55223AD4A805}.Release|Any CPU.Build.0 = Release|Any CPU
	EndGlobalSection
	GlobalSection(SolutionProperties) = preSolution
		HideSolutionNode = FALSE
	EndGlobalSection
																																																																																									GlobalSection(MonoDevelopProperties) = preSolution
																			GlobalSection(MonoDevelopProperties) = preSolution
		StartupItem = Assembly-CSharp.csproj
		Policies = $0
		$0.TextStylePolicy = $1
		$1.inheritsSet = null
		$1.scope = text/x-csharp
		$0.CSharpFormattingPolicy = $2
		$2.inheritsSet = Mono
		$2.inheritsScope = text/x-csharp
		$2.scope = text/x-csharp
		$0.TextStylePolicy = $3
		$3.FileWidth = 120
		$3.TabWidth = 4
		$3.EolMarker = Unix
		$3.inheritsSet = Mono
		$3.inheritsScope = text/plain
		$3.scope = text/plain
	EndGlobalSection

EndGlobal
